
Microsoft Visual Studio Solution File, Format Version 12.00
# Visual Studio Version 17
VisualStudioVersion = 17.14.36310.24
MinimumVisualStudioVersion = 10.0.40219.1
Project("{FAE04EC0-301F-11D3-BF4B-00C04F79EFBC}") = "Variable01", "Variable01\Variable01.csproj", "{5B9B89E8-0480-42DF-B4CC-931A68ACA3FC}"
EndProject
Project("{FAE04EC0-301F-11D3-BF4B-00C04F79EFBC}") = "Variable02", "Variable02\Variable02.csproj", "{1E91FE53-0628-40BC-AFD8-76067FD00D3B}"
EndProject
Project("{FAE04EC0-301F-11D3-BF4B-00C04F79EFBC}") = "Operator01", "Operator01\Operator01.csproj", "{CC30AAF3-7827-4CA6-A271-7BF58F6E46A7}"
EndProject
Project("{FAE04EC0-301F-11D3-BF4B-00C04F79EFBC}") = "Operator02", "Operator02\Operator02.csproj", "{B295304B-C10A-4046-B5F3-5CAECFC63D41}"
EndProject
Project("{FAE04EC0-301F-11D3-BF4B-00C04F79EFBC}") = "Operator03", "Operator03\Operator03.csproj", "{B00255C8-AC41-4C73-8D73-71CB27E48634}"
EndProject
Project("{FAE04EC0-301F-11D3-BF4B-00C04F79EFBC}") = "Operator04", "Operator04\Operator04.csproj", "{270B916E-964E-4D0A-B6F8-636818620275}"
EndProject
Project("{FAE04EC0-301F-11D3-BF4B-00C04F79EFBC}") = "Operator05", "Operator05\Operator05.csproj", "{ACCF1058-011B-4B8F-94A9-4A3D7B417DBB}"
EndProject
Project("{FAE04EC0-301F-11D3-BF4B-00C04F79EFBC}") = "Operator06", "Operator06\Operator06.csproj", "{AA0A5727-64FB-40A5-BA6A-E469BC763384}"
EndProject
Project("{FAE04EC0-301F-11D3-BF4B-00C04F79EFBC}") = "Operator07", "Operator07\Operator07.csproj", "{A8B66185-7FC4-42C2-A049-6A08A140B367}"
EndProject
Project("{FAE04EC0-301F-11D3-BF4B-00C04F79EFBC}") = "Operator08", "Operator08\Operator08.csproj", "{80E0D05F-91EA-47DE-BB30-BAE75ECA4234}"
EndProject
Project("{FAE04EC0-301F-11D3-BF4B-00C04F79EFBC}") = "Operator09", "Operator09\Operator09.csproj", "{CD591159-E8F7-4538-9941-8C940902E8AA}"
EndProject
Project("{FAE04EC0-301F-11D3-BF4B-00C04F79EFBC}") = "Operator10", "Operator10\Operator10.csproj", "{096CDD1B-EB63-4BBF-9FFB-20DC72F0F907}"
EndProject
Project("{FAE04EC0-301F-11D3-BF4B-00C04F79EFBC}") = "Operator11", "Operator11\Operator11.csproj", "{6240ACD2-30D9-4890-B082-C5AC9FA5F0A4}"
EndProject
Project("{FAE04EC0-301F-11D3-BF4B-00C04F79EFBC}") = "Operator12", "Operator12\Operator12.csproj", "{862DB9F2-8102-46ED-AE1C-E81694381D8A}"
EndProject
Project("{FAE04EC0-301F-11D3-BF4B-00C04F79EFBC}") = "Operator13", "Operator13\Operator13.csproj", "{DB2A584A-CAAE-4E30-9D58-C92222024C14}"
EndProject
Project("{FAE04EC0-301F-11D3-BF4B-00C04F79EFBC}") = "String01", "String01\String01.csproj", "{169798E2-FA4A-41F8-90E4-584C13D86DDD}"
EndProject
Project("{FAE04EC0-301F-11D3-BF4B-00C04F79EFBC}") = "SignedUnSigned", "SignedUnSigned\SignedUnSigned.csproj", "{5004F483-6E3C-4538-81A6-3328FDEEDA33}"
EndProject
Project("{FAE04EC0-301F-11D3-BF4B-00C04F79EFBC}") = "ConditionalStatement", "ConditionalStatement\ConditionalStatement.csproj", "{0135333B-2EDE-4BC9-BC99-7D6497FA6596}"
EndProject
Project("{FAE04EC0-301F-11D3-BF4B-00C04F79EFBC}") = "ConditionalStatement02", "ConditionalStatement02\ConditionalStatement02.csproj", "{F9D5DC9B-A0A0-45CE-83EF-95FE67C9AC3C}"
EndProject
Project("{FAE04EC0-301F-11D3-BF4B-00C04F79EFBC}") = "ConditionalStatement03", "ConditionalStatement03\ConditionalStatement03.csproj", "{7AFA76A1-1B10-4E1A-BAC9-C8A6F5B12D4E}"
EndProject
Project("{FAE04EC0-301F-11D3-BF4B-00C04F79EFBC}") = "ConditionalStatement04", "ConditionalStatement04\ConditionalStatement04.csproj", "{943004CB-5446-46DC-A119-F5CF8ED4DE7A}"
EndProject
Project("{FAE04EC0-301F-11D3-BF4B-00C04F79EFBC}") = "Switch01", "Switch01\Switch01.csproj", "{DE4E1526-2AE4-4FAF-BCAD-100A854812F8}"
EndProject
Project("{FAE04EC0-301F-11D3-BF4B-00C04F79EFBC}") = "Switch02", "Switch02\Switch02.csproj", "{ADDA9071-CB8A-4698-824C-2676FEAE0549}"
EndProject
Project("{FAE04EC0-301F-11D3-BF4B-00C04F79EFBC}") = "Switch03", "Switch03\Switch03.csproj", "{FF05D59A-43C5-4E17-8AD3-1C3A85BEDA87}"
EndProject
Project("{FAE04EC0-301F-11D3-BF4B-00C04F79EFBC}") = "GotoExpression", "GotoExpression\GotoExpression.csproj", "{2A89369F-1EA4-4C0F-B90D-6D9718EF0F65}"
EndProject
Project("{FAE04EC0-301F-11D3-BF4B-00C04F79EFBC}") = "ForWhile01", "ForWhile01\ForWhile01.csproj", "{DD04C6A9-8EFA-49B8-8D0C-FB6074DAC4E5}"
EndProject
Project("{FAE04EC0-301F-11D3-BF4B-00C04F79EFBC}") = "ForWhile02", "ForWhile02\ForWhile02.csproj", "{4A095FAE-D012-45DB-87BA-E3FA03B03B2F}"
EndProject
Project("{FAE04EC0-301F-11D3-BF4B-00C04F79EFBC}") = "LowHighGame", "LowHighGame\LowHighGame.csproj", "{EDE46832-D914-4483-9CA3-5017A6337A18}"
EndProject
Project("{FAE04EC0-301F-11D3-BF4B-00C04F79EFBC}") = "Array01", "Array01\Array01.csproj", "{F44E2D9B-0D4E-491D-9007-D278B4C341C3}"
EndProject
Project("{FAE04EC0-301F-11D3-BF4B-00C04F79EFBC}") = "Class", "Class\Class.csproj", "{930DDDCF-26E8-4A47-AA7D-05C46CA6D37D}"
EndProject
Project("{FAE04EC0-301F-11D3-BF4B-00C04F79EFBC}") = "Class01", "Class01\Class01.csproj", "{63107F7F-5C54-418E-BD9D-DE7D3CAB5152}"
EndProject
Project("{FAE04EC0-301F-11D3-BF4B-00C04F79EFBC}") = "Class02", "Class02\Class02.csproj", "{3AC1B051-C8E9-456E-ABCF-ED2BFA6C1493}"
EndProject
Project("{FAE04EC0-301F-11D3-BF4B-00C04F79EFBC}") = "class03", "class03\class03.csproj", "{AE83DFEB-E5F5-43A9-898B-10547BE9EC73}"
EndProject
Project("{FAE04EC0-301F-11D3-BF4B-00C04F79EFBC}") = "Class04", "Class04\Class04.csproj", "{555FC973-1491-4C4E-84A5-7470D99E1DA4}"
EndProject
Project("{FAE04EC0-301F-11D3-BF4B-00C04F79EFBC}") = "Class05", "Class05\Class05.csproj", "{C2D74BAA-C216-4373-8BE5-C2CDF62803BA}"
EndProject
Project("{FAE04EC0-301F-11D3-BF4B-00C04F79EFBC}") = "Parameter", "Parameter\Parameter.csproj", "{96F797D7-D717-4BBF-9947-26DFBD53DC66}"
EndProject
Project("{FAE04EC0-301F-11D3-BF4B-00C04F79EFBC}") = "LocalFunction", "LocalFunction\LocalFunction.csproj", "{8228CCE2-930F-466E-87D1-6CB2CC37FF73}"
EndProject
Project("{FAE04EC0-301F-11D3-BF4B-00C04F79EFBC}") = "Overloading", "Overloading\Overloading.csproj", "{C210051B-EE73-4EE3-9B09-4B27CC7AE51E}"
EndProject
Project("{FAE04EC0-301F-11D3-BF4B-00C04F79EFBC}") = "Class06", "Class06\Class06.csproj", "{A6BA76E3-CE74-4C12-B61D-D25630EACB46}"
EndProject
Project("{FAE04EC0-301F-11D3-BF4B-00C04F79EFBC}") = "Class07", "Class07\Class07.csproj", "{F462A1C1-EAA0-4010-B46B-37C427450B27}"
EndProject
Project("{FAE04EC0-301F-11D3-BF4B-00C04F79EFBC}") = "Class08", "Class08\Class08.csproj", "{0E15ECFB-7A69-4F89-8BF2-6AB32CA66CC9}"
EndProject
Project("{FAE04EC0-301F-11D3-BF4B-00C04F79EFBC}") = "Class09", "Class09\Class09.csproj", "{02D37BE7-C1AB-4C7E-B115-9917D3ECE17E}"
EndProject
Project("{FAE04EC0-301F-11D3-BF4B-00C04F79EFBC}") = "Class10", "Class10\Class10.csproj", "{D2E331FB-46F8-4955-ABC4-37B29DB4C804}"
EndProject
Project("{FAE04EC0-301F-11D3-BF4B-00C04F79EFBC}") = "Class11", "Class11\Class11.csproj", "{351A49F3-FA24-4D08-9EA0-C1A5099A9E51}"
EndProject
Project("{FAE04EC0-301F-11D3-BF4B-00C04F79EFBC}") = "Class12", "Class12\Class12.csproj", "{B8EEC18A-7168-445D-AE5F-0602529BFFEE}"
EndProject
Project("{FAE04EC0-301F-11D3-BF4B-00C04F79EFBC}") = "ClassExtension", "ClassExtension\ClassExtension.csproj", "{DACE4CDB-A624-460E-9751-DA8DCE93AC7E}"
EndProject
Project("{FAE04EC0-301F-11D3-BF4B-00C04F79EFBC}") = "ClassExtensionMethod", "ClassExtensionMethod\ClassExtensionMethod.csproj", "{BF29A857-A285-4ACE-8612-90A5E5210952}"
EndProject
Project("{FAE04EC0-301F-11D3-BF4B-00C04F79EFBC}") = "ClassExtension02", "ClassExtension02\ClassExtension02.csproj", "{42EEE2DA-D0E0-4F5A-AB0E-C30FB774AADB}"
EndProject
Project("{FAE04EC0-301F-11D3-BF4B-00C04F79EFBC}") = "ClassObject", "ClassObject\ClassObject.csproj", "{76C85AF0-0B35-439D-A7C7-F2AFABB6F0E7}"
EndProject
Project("{FAE04EC0-301F-11D3-BF4B-00C04F79EFBC}") = "ClassUpCasting", "ClassUpCasting\ClassUpCasting.csproj", "{79A9A471-5C58-473C-88D8-2DD9F7D7932F}"
EndProject
Project("{FAE04EC0-301F-11D3-BF4B-00C04F79EFBC}") = "ClassBoxingUnBoxing", "ClassBoxingUnBoxing\ClassBoxingUnBoxing.csproj", "{D7F78C52-31ED-4A96-A496-11DBF8C99E7C}"
EndProject
Project("{FAE04EC0-301F-11D3-BF4B-00C04F79EFBC}") = "ClassCopy", "ClassCopy\ClassCopy.csproj", "{7E8795E7-D8BF-4D79-968C-00D9E5F3FC06}"
EndProject
Project("{FAE04EC0-301F-11D3-BF4B-00C04F79EFBC}") = "ClassShallowCopy", "ClassShallowCopy\ClassShallowCopy.csproj", "{970A8FEB-4C50-41E3-AEAE-F5EC6A0FB158}"
EndProject
Project("{FAE04EC0-301F-11D3-BF4B-00C04F79EFBC}") = "ClassDeepCopy", "ClassDeepCopy\ClassDeepCopy.csproj", "{21B338E0-8BDD-41C2-B2CA-706128A82F14}"
EndProject
Project("{FAE04EC0-301F-11D3-BF4B-00C04F79EFBC}") = "ClassDeepCopy02", "ClassDeepCopy02\ClassDeepCopy02.csproj", "{A478FEAB-18B8-47E5-9EBD-78E651325891}"
EndProject
Project("{FAE04EC0-301F-11D3-BF4B-00C04F79EFBC}") = "ClassPartial", "ClassPartial\ClassPartial.csproj", "{18E35851-B7DB-4276-AF16-957EE7246ABE}"
EndProject
Project("{FAE04EC0-301F-11D3-BF4B-00C04F79EFBC}") = "ClassInterface", "ClassInterface\ClassInterface.csproj", "{1F27D53E-8B7A-4547-AA48-62D072AC4F8B}"
EndProject
Project("{FAE04EC0-301F-11D3-BF4B-00C04F79EFBC}") = "ClassMultiInterface", "ClassMultiInterface\ClassMultiInterface.csproj", "{ED83F0A6-F444-4724-864F-66B15C428C39}"
EndProject
Project("{FAE04EC0-301F-11D3-BF4B-00C04F79EFBC}") = "ClassIndexer", "ClassIndexer\ClassIndexer.csproj", "{46CDCB9E-E2F6-43BA-A95D-488639EA6222}"
EndProject
Project("{FAE04EC0-301F-11D3-BF4B-00C04F79EFBC}") = "ClassIndexer02", "ClassIndexer02\ClassIndexer02.csproj", "{2E9274A4-F67B-4CA0-BA92-FC94C8024DD7}"
EndProject
Project("{FAE04EC0-301F-11D3-BF4B-00C04F79EFBC}") = "ClassTuple", "ClassTuple\ClassTuple.csproj", "{B6CA524B-63E0-479B-BE4E-BEBAC5C7C90F}"
EndProject
Project("{FAE04EC0-301F-11D3-BF4B-00C04F79EFBC}") = "ClassComposition", "ClassComposition\ClassComposition.csproj", "{6DA6D4F1-2DAB-467A-90C7-4A1D8190258D}"
EndProject
Project("{FAE04EC0-301F-11D3-BF4B-00C04F79EFBC}") = "ClassEx01", "ClassEx01\ClassEx01.csproj", "{E860D8DD-4AD9-48AE-8C0B-7EAF2D1E0683}"
EndProject
Project("{FAE04EC0-301F-11D3-BF4B-00C04F79EFBC}") = "ClassRobot", "ClassRobot\ClassRobot.csproj", "{1F38CD54-61FD-423F-BA49-5D519F2D9030}"
EndProject
Project("{FAE04EC0-301F-11D3-BF4B-00C04F79EFBC}") = "ClassPolymorphism", "ClassPolymorphism\ClassPolymorphism.csproj", "{F271C1BD-9071-435C-BEEF-B10FB9F37B74}"
EndProject
Global
	GlobalSection(SolutionConfigurationPlatforms) = preSolution
		Debug|Any CPU = Debug|Any CPU
		Release|Any CPU = Release|Any CPU
	EndGlobalSection
	GlobalSection(ProjectConfigurationPlatforms) = postSolution
		{5B9B89E8-0480-42DF-B4CC-931A68ACA3FC}.Debug|Any CPU.ActiveCfg = Debug|Any CPU
		{5B9B89E8-0480-42DF-B4CC-931A68ACA3FC}.Debug|Any CPU.Build.0 = Debug|Any CPU
		{5B9B89E8-0480-42DF-B4CC-931A68ACA3FC}.Release|Any CPU.ActiveCfg = Release|Any CPU
		{5B9B89E8-0480-42DF-B4CC-931A68ACA3FC}.Release|Any CPU.Build.0 = Release|Any CPU
		{1E91FE53-0628-40BC-AFD8-76067FD00D3B}.Debug|Any CPU.ActiveCfg = Debug|Any CPU
		{1E91FE53-0628-40BC-AFD8-76067FD00D3B}.Debug|Any CPU.Build.0 = Debug|Any CPU
		{1E91FE53-0628-40BC-AFD8-76067FD00D3B}.Release|Any CPU.ActiveCfg = Release|Any CPU
		{1E91FE53-0628-40BC-AFD8-76067FD00D3B}.Release|Any CPU.Build.0 = Release|Any CPU
		{CC30AAF3-7827-4CA6-A271-7BF58F6E46A7}.Debug|Any CPU.ActiveCfg = Debug|Any CPU
		{CC30AAF3-7827-4CA6-A271-7BF58F6E46A7}.Debug|Any CPU.Build.0 = Debug|Any CPU
		{CC30AAF3-7827-4CA6-A271-7BF58F6E46A7}.Release|Any CPU.ActiveCfg = Release|Any CPU
		{CC30AAF3-7827-4CA6-A271-7BF58F6E46A7}.Release|Any CPU.Build.0 = Release|Any CPU
		{B295304B-C10A-4046-B5F3-5CAECFC63D41}.Debug|Any CPU.ActiveCfg = Debug|Any CPU
		{B295304B-C10A-4046-B5F3-5CAECFC63D41}.Debug|Any CPU.Build.0 = Debug|Any CPU
		{B295304B-C10A-4046-B5F3-5CAECFC63D41}.Release|Any CPU.ActiveCfg = Release|Any CPU
		{B295304B-C10A-4046-B5F3-5CAECFC63D41}.Release|Any CPU.Build.0 = Release|Any CPU
		{B00255C8-AC41-4C73-8D73-71CB27E48634}.Debug|Any CPU.ActiveCfg = Debug|Any CPU
		{B00255C8-AC41-4C73-8D73-71CB27E48634}.Debug|Any CPU.Build.0 = Debug|Any CPU
		{B00255C8-AC41-4C73-8D73-71CB27E48634}.Release|Any CPU.ActiveCfg = Release|Any CPU
		{B00255C8-AC41-4C73-8D73-71CB27E48634}.Release|Any CPU.Build.0 = Release|Any CPU
		{270B916E-964E-4D0A-B6F8-636818620275}.Debug|Any CPU.ActiveCfg = Debug|Any CPU
		{270B916E-964E-4D0A-B6F8-636818620275}.Debug|Any CPU.Build.0 = Debug|Any CPU
		{270B916E-964E-4D0A-B6F8-636818620275}.Release|Any CPU.ActiveCfg = Release|Any CPU
		{270B916E-964E-4D0A-B6F8-636818620275}.Release|Any CPU.Build.0 = Release|Any CPU
		{ACCF1058-011B-4B8F-94A9-4A3D7B417DBB}.Debug|Any CPU.ActiveCfg = Debug|Any CPU
		{ACCF1058-011B-4B8F-94A9-4A3D7B417DBB}.Debug|Any CPU.Build.0 = Debug|Any CPU
		{ACCF1058-011B-4B8F-94A9-4A3D7B417DBB}.Release|Any CPU.ActiveCfg = Release|Any CPU
		{ACCF1058-011B-4B8F-94A9-4A3D7B417DBB}.Release|Any CPU.Build.0 = Release|Any CPU
		{AA0A5727-64FB-40A5-BA6A-E469BC763384}.Debug|Any CPU.ActiveCfg = Debug|Any CPU
		{AA0A5727-64FB-40A5-BA6A-E469BC763384}.Debug|Any CPU.Build.0 = Debug|Any CPU
		{AA0A5727-64FB-40A5-BA6A-E469BC763384}.Release|Any CPU.ActiveCfg = Release|Any CPU
		{AA0A5727-64FB-40A5-BA6A-E469BC763384}.Release|Any CPU.Build.0 = Release|Any CPU
		{A8B66185-7FC4-42C2-A049-6A08A140B367}.Debug|Any CPU.ActiveCfg = Debug|Any CPU
		{A8B66185-7FC4-42C2-A049-6A08A140B367}.Debug|Any CPU.Build.0 = Debug|Any CPU
		{A8B66185-7FC4-42C2-A049-6A08A140B367}.Release|Any CPU.ActiveCfg = Release|Any CPU
		{A8B66185-7FC4-42C2-A049-6A08A140B367}.Release|Any CPU.Build.0 = Release|Any CPU
		{80E0D05F-91EA-47DE-BB30-BAE75ECA4234}.Debug|Any CPU.ActiveCfg = Debug|Any CPU
		{80E0D05F-91EA-47DE-BB30-BAE75ECA4234}.Debug|Any CPU.Build.0 = Debug|Any CPU
		{80E0D05F-91EA-47DE-BB30-BAE75ECA4234}.Release|Any CPU.ActiveCfg = Release|Any CPU
		{80E0D05F-91EA-47DE-BB30-BAE75ECA4234}.Release|Any CPU.Build.0 = Release|Any CPU
		{CD591159-E8F7-4538-9941-8C940902E8AA}.Debug|Any CPU.ActiveCfg = Debug|Any CPU
		{CD591159-E8F7-4538-9941-8C940902E8AA}.Debug|Any CPU.Build.0 = Debug|Any CPU
		{CD591159-E8F7-4538-9941-8C940902E8AA}.Release|Any CPU.ActiveCfg = Release|Any CPU
		{CD591159-E8F7-4538-9941-8C940902E8AA}.Release|Any CPU.Build.0 = Release|Any CPU
		{096CDD1B-EB63-4BBF-9FFB-20DC72F0F907}.Debug|Any CPU.ActiveCfg = Debug|Any CPU
		{096CDD1B-EB63-4BBF-9FFB-20DC72F0F907}.Debug|Any CPU.Build.0 = Debug|Any CPU
		{096CDD1B-EB63-4BBF-9FFB-20DC72F0F907}.Release|Any CPU.ActiveCfg = Release|Any CPU
		{096CDD1B-EB63-4BBF-9FFB-20DC72F0F907}.Release|Any CPU.Build.0 = Release|Any CPU
		{6240ACD2-30D9-4890-B082-C5AC9FA5F0A4}.Debug|Any CPU.ActiveCfg = Debug|Any CPU
		{6240ACD2-30D9-4890-B082-C5AC9FA5F0A4}.Debug|Any CPU.Build.0 = Debug|Any CPU
		{6240ACD2-30D9-4890-B082-C5AC9FA5F0A4}.Release|Any CPU.ActiveCfg = Release|Any CPU
		{6240ACD2-30D9-4890-B082-C5AC9FA5F0A4}.Release|Any CPU.Build.0 = Release|Any CPU
		{862DB9F2-8102-46ED-AE1C-E81694381D8A}.Debug|Any CPU.ActiveCfg = Debug|Any CPU
		{862DB9F2-8102-46ED-AE1C-E81694381D8A}.Debug|Any CPU.Build.0 = Debug|Any CPU
		{862DB9F2-8102-46ED-AE1C-E81694381D8A}.Release|Any CPU.ActiveCfg = Release|Any CPU
		{862DB9F2-8102-46ED-AE1C-E81694381D8A}.Release|Any CPU.Build.0 = Release|Any CPU
		{DB2A584A-CAAE-4E30-9D58-C92222024C14}.Debug|Any CPU.ActiveCfg = Debug|Any CPU
		{DB2A584A-CAAE-4E30-9D58-C92222024C14}.Debug|Any CPU.Build.0 = Debug|Any CPU
		{DB2A584A-CAAE-4E30-9D58-C92222024C14}.Release|Any CPU.ActiveCfg = Release|Any CPU
		{DB2A584A-CAAE-4E30-9D58-C92222024C14}.Release|Any CPU.Build.0 = Release|Any CPU
		{169798E2-FA4A-41F8-90E4-584C13D86DDD}.Debug|Any CPU.ActiveCfg = Debug|Any CPU
		{169798E2-FA4A-41F8-90E4-584C13D86DDD}.Debug|Any CPU.Build.0 = Debug|Any CPU
		{169798E2-FA4A-41F8-90E4-584C13D86DDD}.Release|Any CPU.ActiveCfg = Release|Any CPU
		{169798E2-FA4A-41F8-90E4-584C13D86DDD}.Release|Any CPU.Build.0 = Release|Any CPU
		{5004F483-6E3C-4538-81A6-3328FDEEDA33}.Debug|Any CPU.ActiveCfg = Debug|Any CPU
		{5004F483-6E3C-4538-81A6-3328FDEEDA33}.Debug|Any CPU.Build.0 = Debug|Any CPU
		{5004F483-6E3C-4538-81A6-3328FDEEDA33}.Release|Any CPU.ActiveCfg = Release|Any CPU
		{5004F483-6E3C-4538-81A6-3328FDEEDA33}.Release|Any CPU.Build.0 = Release|Any CPU
		{0135333B-2EDE-4BC9-BC99-7D6497FA6596}.Debug|Any CPU.ActiveCfg = Debug|Any CPU
		{0135333B-2EDE-4BC9-BC99-7D6497FA6596}.Debug|Any CPU.Build.0 = Debug|Any CPU
		{0135333B-2EDE-4BC9-BC99-7D6497FA6596}.Release|Any CPU.ActiveCfg = Release|Any CPU
		{0135333B-2EDE-4BC9-BC99-7D6497FA6596}.Release|Any CPU.Build.0 = Release|Any CPU
		{F9D5DC9B-A0A0-45CE-83EF-95FE67C9AC3C}.Debug|Any CPU.ActiveCfg = Debug|Any CPU
		{F9D5DC9B-A0A0-45CE-83EF-95FE67C9AC3C}.Debug|Any CPU.Build.0 = Debug|Any CPU
		{F9D5DC9B-A0A0-45CE-83EF-95FE67C9AC3C}.Release|Any CPU.ActiveCfg = Release|Any CPU
		{F9D5DC9B-A0A0-45CE-83EF-95FE67C9AC3C}.Release|Any CPU.Build.0 = Release|Any CPU
		{7AFA76A1-1B10-4E1A-BAC9-C8A6F5B12D4E}.Debug|Any CPU.ActiveCfg = Debug|Any CPU
		{7AFA76A1-1B10-4E1A-BAC9-C8A6F5B12D4E}.Debug|Any CPU.Build.0 = Debug|Any CPU
		{7AFA76A1-1B10-4E1A-BAC9-C8A6F5B12D4E}.Release|Any CPU.ActiveCfg = Release|Any CPU
		{7AFA76A1-1B10-4E1A-BAC9-C8A6F5B12D4E}.Release|Any CPU.Build.0 = Release|Any CPU
		{943004CB-5446-46DC-A119-F5CF8ED4DE7A}.Debug|Any CPU.ActiveCfg = Debug|Any CPU
		{943004CB-5446-46DC-A119-F5CF8ED4DE7A}.Debug|Any CPU.Build.0 = Debug|Any CPU
		{943004CB-5446-46DC-A119-F5CF8ED4DE7A}.Release|Any CPU.ActiveCfg = Release|Any CPU
		{943004CB-5446-46DC-A119-F5CF8ED4DE7A}.Release|Any CPU.Build.0 = Release|Any CPU
		{DE4E1526-2AE4-4FAF-BCAD-100A854812F8}.Debug|Any CPU.ActiveCfg = Debug|Any CPU
		{DE4E1526-2AE4-4FAF-BCAD-100A854812F8}.Debug|Any CPU.Build.0 = Debug|Any CPU
		{DE4E1526-2AE4-4FAF-BCAD-100A854812F8}.Release|Any CPU.ActiveCfg = Release|Any CPU
		{DE4E1526-2AE4-4FAF-BCAD-100A854812F8}.Release|Any CPU.Build.0 = Release|Any CPU
		{ADDA9071-CB8A-4698-824C-2676FEAE0549}.Debug|Any CPU.ActiveCfg = Debug|Any CPU
		{ADDA9071-CB8A-4698-824C-2676FEAE0549}.Debug|Any CPU.Build.0 = Debug|Any CPU
		{ADDA9071-CB8A-4698-824C-2676FEAE0549}.Release|Any CPU.ActiveCfg = Release|Any CPU
		{ADDA9071-CB8A-4698-824C-2676FEAE0549}.Release|Any CPU.Build.0 = Release|Any CPU
		{FF05D59A-43C5-4E17-8AD3-1C3A85BEDA87}.Debug|Any CPU.ActiveCfg = Debug|Any CPU
		{FF05D59A-43C5-4E17-8AD3-1C3A85BEDA87}.Debug|Any CPU.Build.0 = Debug|Any CPU
		{FF05D59A-43C5-4E17-8AD3-1C3A85BEDA87}.Release|Any CPU.ActiveCfg = Release|Any CPU
		{FF05D59A-43C5-4E17-8AD3-1C3A85BEDA87}.Release|Any CPU.Build.0 = Release|Any CPU
		{2A89369F-1EA4-4C0F-B90D-6D9718EF0F65}.Debug|Any CPU.ActiveCfg = Debug|Any CPU
		{2A89369F-1EA4-4C0F-B90D-6D9718EF0F65}.Debug|Any CPU.Build.0 = Debug|Any CPU
		{2A89369F-1EA4-4C0F-B90D-6D9718EF0F65}.Release|Any CPU.ActiveCfg = Release|Any CPU
		{2A89369F-1EA4-4C0F-B90D-6D9718EF0F65}.Release|Any CPU.Build.0 = Release|Any CPU
		{DD04C6A9-8EFA-49B8-8D0C-FB6074DAC4E5}.Debug|Any CPU.ActiveCfg = Debug|Any CPU
		{DD04C6A9-8EFA-49B8-8D0C-FB6074DAC4E5}.Debug|Any CPU.Build.0 = Debug|Any CPU
		{DD04C6A9-8EFA-49B8-8D0C-FB6074DAC4E5}.Release|Any CPU.ActiveCfg = Release|Any CPU
		{DD04C6A9-8EFA-49B8-8D0C-FB6074DAC4E5}.Release|Any CPU.Build.0 = Release|Any CPU
		{4A095FAE-D012-45DB-87BA-E3FA03B03B2F}.Debug|Any CPU.ActiveCfg = Debug|Any CPU
		{4A095FAE-D012-45DB-87BA-E3FA03B03B2F}.Debug|Any CPU.Build.0 = Debug|Any CPU
		{4A095FAE-D012-45DB-87BA-E3FA03B03B2F}.Release|Any CPU.ActiveCfg = Release|Any CPU
		{4A095FAE-D012-45DB-87BA-E3FA03B03B2F}.Release|Any CPU.Build.0 = Release|Any CPU
		{EDE46832-D914-4483-9CA3-5017A6337A18}.Debug|Any CPU.ActiveCfg = Debug|Any CPU
		{EDE46832-D914-4483-9CA3-5017A6337A18}.Debug|Any CPU.Build.0 = Debug|Any CPU
		{EDE46832-D914-4483-9CA3-5017A6337A18}.Release|Any CPU.ActiveCfg = Release|Any CPU
		{EDE46832-D914-4483-9CA3-5017A6337A18}.Release|Any CPU.Build.0 = Release|Any CPU
		{F44E2D9B-0D4E-491D-9007-D278B4C341C3}.Debug|Any CPU.ActiveCfg = Debug|Any CPU
		{F44E2D9B-0D4E-491D-9007-D278B4C341C3}.Debug|Any CPU.Build.0 = Debug|Any CPU
		{F44E2D9B-0D4E-491D-9007-D278B4C341C3}.Release|Any CPU.ActiveCfg = Release|Any CPU
		{F44E2D9B-0D4E-491D-9007-D278B4C341C3}.Release|Any CPU.Build.0 = Release|Any CPU
		{930DDDCF-26E8-4A47-AA7D-05C46CA6D37D}.Debug|Any CPU.ActiveCfg = Debug|Any CPU
		{930DDDCF-26E8-4A47-AA7D-05C46CA6D37D}.Debug|Any CPU.Build.0 = Debug|Any CPU
		{930DDDCF-26E8-4A47-AA7D-05C46CA6D37D}.Release|Any CPU.ActiveCfg = Release|Any CPU
		{930DDDCF-26E8-4A47-AA7D-05C46CA6D37D}.Release|Any CPU.Build.0 = Release|Any CPU
		{63107F7F-5C54-418E-BD9D-DE7D3CAB5152}.Debug|Any CPU.ActiveCfg = Debug|Any CPU
		{63107F7F-5C54-418E-BD9D-DE7D3CAB5152}.Debug|Any CPU.Build.0 = Debug|Any CPU
		{63107F7F-5C54-418E-BD9D-DE7D3CAB5152}.Release|Any CPU.ActiveCfg = Release|Any CPU
		{63107F7F-5C54-418E-BD9D-DE7D3CAB5152}.Release|Any CPU.Build.0 = Release|Any CPU
		{3AC1B051-C8E9-456E-ABCF-ED2BFA6C1493}.Debug|Any CPU.ActiveCfg = Debug|Any CPU
		{3AC1B051-C8E9-456E-ABCF-ED2BFA6C1493}.Debug|Any CPU.Build.0 = Debug|Any CPU
		{3AC1B051-C8E9-456E-ABCF-ED2BFA6C1493}.Release|Any CPU.ActiveCfg = Release|Any CPU
		{3AC1B051-C8E9-456E-ABCF-ED2BFA6C1493}.Release|Any CPU.Build.0 = Release|Any CPU
		{AE83DFEB-E5F5-43A9-898B-10547BE9EC73}.Debug|Any CPU.ActiveCfg = Debug|Any CPU
		{AE83DFEB-E5F5-43A9-898B-10547BE9EC73}.Debug|Any CPU.Build.0 = Debug|Any CPU
		{AE83DFEB-E5F5-43A9-898B-10547BE9EC73}.Release|Any CPU.ActiveCfg = Release|Any CPU
		{AE83DFEB-E5F5-43A9-898B-10547BE9EC73}.Release|Any CPU.Build.0 = Release|Any CPU
		{555FC973-1491-4C4E-84A5-7470D99E1DA4}.Debug|Any CPU.ActiveCfg = Debug|Any CPU
		{555FC973-1491-4C4E-84A5-7470D99E1DA4}.Debug|Any CPU.Build.0 = Debug|Any CPU
		{555FC973-1491-4C4E-84A5-7470D99E1DA4}.Release|Any CPU.ActiveCfg = Release|Any CPU
		{555FC973-1491-4C4E-84A5-7470D99E1DA4}.Release|Any CPU.Build.0 = Release|Any CPU
		{C2D74BAA-C216-4373-8BE5-C2CDF62803BA}.Debug|Any CPU.ActiveCfg = Debug|Any CPU
		{C2D74BAA-C216-4373-8BE5-C2CDF62803BA}.Debug|Any CPU.Build.0 = Debug|Any CPU
		{C2D74BAA-C216-4373-8BE5-C2CDF62803BA}.Release|Any CPU.ActiveCfg = Release|Any CPU
		{C2D74BAA-C216-4373-8BE5-C2CDF62803BA}.Release|Any CPU.Build.0 = Release|Any CPU
		{96F797D7-D717-4BBF-9947-26DFBD53DC66}.Debug|Any CPU.ActiveCfg = Debug|Any CPU
		{96F797D7-D717-4BBF-9947-26DFBD53DC66}.Debug|Any CPU.Build.0 = Debug|Any CPU
		{96F797D7-D717-4BBF-9947-26DFBD53DC66}.Release|Any CPU.ActiveCfg = Release|Any CPU
		{96F797D7-D717-4BBF-9947-26DFBD53DC66}.Release|Any CPU.Build.0 = Release|Any CPU
		{8228CCE2-930F-466E-87D1-6CB2CC37FF73}.Debug|Any CPU.ActiveCfg = Debug|Any CPU
		{8228CCE2-930F-466E-87D1-6CB2CC37FF73}.Debug|Any CPU.Build.0 = Debug|Any CPU
		{8228CCE2-930F-466E-87D1-6CB2CC37FF73}.Release|Any CPU.ActiveCfg = Release|Any CPU
		{8228CCE2-930F-466E-87D1-6CB2CC37FF73}.Release|Any CPU.Build.0 = Release|Any CPU
		{C210051B-EE73-4EE3-9B09-4B27CC7AE51E}.Debug|Any CPU.ActiveCfg = Debug|Any CPU
		{C210051B-EE73-4EE3-9B09-4B27CC7AE51E}.Debug|Any CPU.Build.0 = Debug|Any CPU
		{C210051B-EE73-4EE3-9B09-4B27CC7AE51E}.Release|Any CPU.ActiveCfg = Release|Any CPU
		{C210051B-EE73-4EE3-9B09-4B27CC7AE51E}.Release|Any CPU.Build.0 = Release|Any CPU
		{A6BA76E3-CE74-4C12-B61D-D25630EACB46}.Debug|Any CPU.ActiveCfg = Debug|Any CPU
		{A6BA76E3-CE74-4C12-B61D-D25630EACB46}.Debug|Any CPU.Build.0 = Debug|Any CPU
		{A6BA76E3-CE74-4C12-B61D-D25630EACB46}.Release|Any CPU.ActiveCfg = Release|Any CPU
		{A6BA76E3-CE74-4C12-B61D-D25630EACB46}.Release|Any CPU.Build.0 = Release|Any CPU
		{F462A1C1-EAA0-4010-B46B-37C427450B27}.Debug|Any CPU.ActiveCfg = Debug|Any CPU
		{F462A1C1-EAA0-4010-B46B-37C427450B27}.Debug|Any CPU.Build.0 = Debug|Any CPU
		{F462A1C1-EAA0-4010-B46B-37C427450B27}.Release|Any CPU.ActiveCfg = Release|Any CPU
		{F462A1C1-EAA0-4010-B46B-37C427450B27}.Release|Any CPU.Build.0 = Release|Any CPU
		{0E15ECFB-7A69-4F89-8BF2-6AB32CA66CC9}.Debug|Any CPU.ActiveCfg = Debug|Any CPU
		{0E15ECFB-7A69-4F89-8BF2-6AB32CA66CC9}.Debug|Any CPU.Build.0 = Debug|Any CPU
		{0E15ECFB-7A69-4F89-8BF2-6AB32CA66CC9}.Release|Any CPU.ActiveCfg = Release|Any CPU
		{0E15ECFB-7A69-4F89-8BF2-6AB32CA66CC9}.Release|Any CPU.Build.0 = Release|Any CPU
		{02D37BE7-C1AB-4C7E-B115-9917D3ECE17E}.Debug|Any CPU.ActiveCfg = Debug|Any CPU
		{02D37BE7-C1AB-4C7E-B115-9917D3ECE17E}.Debug|Any CPU.Build.0 = Debug|Any CPU
		{02D37BE7-C1AB-4C7E-B115-9917D3ECE17E}.Release|Any CPU.ActiveCfg = Release|Any CPU
		{02D37BE7-C1AB-4C7E-B115-9917D3ECE17E}.Release|Any CPU.Build.0 = Release|Any CPU
		{D2E331FB-46F8-4955-ABC4-37B29DB4C804}.Debug|Any CPU.ActiveCfg = Debug|Any CPU
		{D2E331FB-46F8-4955-ABC4-37B29DB4C804}.Debug|Any CPU.Build.0 = Debug|Any CPU
		{D2E331FB-46F8-4955-ABC4-37B29DB4C804}.Release|Any CPU.ActiveCfg = Release|Any CPU
		{D2E331FB-46F8-4955-ABC4-37B29DB4C804}.Release|Any CPU.Build.0 = Release|Any CPU
		{351A49F3-FA24-4D08-9EA0-C1A5099A9E51}.Debug|Any CPU.ActiveCfg = Debug|Any CPU
		{351A49F3-FA24-4D08-9EA0-C1A5099A9E51}.Debug|Any CPU.Build.0 = Debug|Any CPU
		{351A49F3-FA24-4D08-9EA0-C1A5099A9E51}.Release|Any CPU.ActiveCfg = Release|Any CPU
		{351A49F3-FA24-4D08-9EA0-C1A5099A9E51}.Release|Any CPU.Build.0 = Release|Any CPU
		{B8EEC18A-7168-445D-AE5F-0602529BFFEE}.Debug|Any CPU.ActiveCfg = Debug|Any CPU
		{B8EEC18A-7168-445D-AE5F-0602529BFFEE}.Debug|Any CPU.Build.0 = Debug|Any CPU
		{B8EEC18A-7168-445D-AE5F-0602529BFFEE}.Release|Any CPU.ActiveCfg = Release|Any CPU
		{B8EEC18A-7168-445D-AE5F-0602529BFFEE}.Release|Any CPU.Build.0 = Release|Any CPU
		{DACE4CDB-A624-460E-9751-DA8DCE93AC7E}.Debug|Any CPU.ActiveCfg = Debug|Any CPU
		{DACE4CDB-A624-460E-9751-DA8DCE93AC7E}.Debug|Any CPU.Build.0 = Debug|Any CPU
		{DACE4CDB-A624-460E-9751-DA8DCE93AC7E}.Release|Any CPU.ActiveCfg = Release|Any CPU
		{DACE4CDB-A624-460E-9751-DA8DCE93AC7E}.Release|Any CPU.Build.0 = Release|Any CPU
		{BF29A857-A285-4ACE-8612-90A5E5210952}.Debug|Any CPU.ActiveCfg = Debug|Any CPU
		{BF29A857-A285-4ACE-8612-90A5E5210952}.Debug|Any CPU.Build.0 = Debug|Any CPU
		{BF29A857-A285-4ACE-8612-90A5E5210952}.Release|Any CPU.ActiveCfg = Release|Any CPU
		{BF29A857-A285-4ACE-8612-90A5E5210952}.Release|Any CPU.Build.0 = Release|Any CPU
		{42EEE2DA-D0E0-4F5A-AB0E-C30FB774AADB}.Debug|Any CPU.ActiveCfg = Debug|Any CPU
		{42EEE2DA-D0E0-4F5A-AB0E-C30FB774AADB}.Debug|Any CPU.Build.0 = Debug|Any CPU
		{42EEE2DA-D0E0-4F5A-AB0E-C30FB774AADB}.Release|Any CPU.ActiveCfg = Release|Any CPU
		{42EEE2DA-D0E0-4F5A-AB0E-C30FB774AADB}.Release|Any CPU.Build.0 = Release|Any CPU
		{76C85AF0-0B35-439D-A7C7-F2AFABB6F0E7}.Debug|Any CPU.ActiveCfg = Debug|Any CPU
		{76C85AF0-0B35-439D-A7C7-F2AFABB6F0E7}.Debug|Any CPU.Build.0 = Debug|Any CPU
		{76C85AF0-0B35-439D-A7C7-F2AFABB6F0E7}.Release|Any CPU.ActiveCfg = Release|Any CPU
		{76C85AF0-0B35-439D-A7C7-F2AFABB6F0E7}.Release|Any CPU.Build.0 = Release|Any CPU
		{79A9A471-5C58-473C-88D8-2DD9F7D7932F}.Debug|Any CPU.ActiveCfg = Debug|Any CPU
		{79A9A471-5C58-473C-88D8-2DD9F7D7932F}.Debug|Any CPU.Build.0 = Debug|Any CPU
		{79A9A471-5C58-473C-88D8-2DD9F7D7932F}.Release|Any CPU.ActiveCfg = Release|Any CPU
		{79A9A471-5C58-473C-88D8-2DD9F7D7932F}.Release|Any CPU.Build.0 = Release|Any CPU
		{D7F78C52-31ED-4A96-A496-11DBF8C99E7C}.Debug|Any CPU.ActiveCfg = Debug|Any CPU
		{D7F78C52-31ED-4A96-A496-11DBF8C99E7C}.Debug|Any CPU.Build.0 = Debug|Any CPU
		{D7F78C52-31ED-4A96-A496-11DBF8C99E7C}.Release|Any CPU.ActiveCfg = Release|Any CPU
		{D7F78C52-31ED-4A96-A496-11DBF8C99E7C}.Release|Any CPU.Build.0 = Release|Any CPU
		{7E8795E7-D8BF-4D79-968C-00D9E5F3FC06}.Debug|Any CPU.ActiveCfg = Debug|Any CPU
		{7E8795E7-D8BF-4D79-968C-00D9E5F3FC06}.Debug|Any CPU.Build.0 = Debug|Any CPU
		{7E8795E7-D8BF-4D79-968C-00D9E5F3FC06}.Release|Any CPU.ActiveCfg = Release|Any CPU
		{7E8795E7-D8BF-4D79-968C-00D9E5F3FC06}.Release|Any CPU.Build.0 = Release|Any CPU
		{970A8FEB-4C50-41E3-AEAE-F5EC6A0FB158}.Debug|Any CPU.ActiveCfg = Debug|Any CPU
		{970A8FEB-4C50-41E3-AEAE-F5EC6A0FB158}.Debug|Any CPU.Build.0 = Debug|Any CPU
		{970A8FEB-4C50-41E3-AEAE-F5EC6A0FB158}.Release|Any CPU.ActiveCfg = Release|Any CPU
		{970A8FEB-4C50-41E3-AEAE-F5EC6A0FB158}.Release|Any CPU.Build.0 = Release|Any CPU
		{21B338E0-8BDD-41C2-B2CA-706128A82F14}.Debug|Any CPU.ActiveCfg = Debug|Any CPU
		{21B338E0-8BDD-41C2-B2CA-706128A82F14}.Debug|Any CPU.Build.0 = Debug|Any CPU
		{21B338E0-8BDD-41C2-B2CA-706128A82F14}.Release|Any CPU.ActiveCfg = Release|Any CPU
		{21B338E0-8BDD-41C2-B2CA-706128A82F14}.Release|Any CPU.Build.0 = Release|Any CPU
		{A478FEAB-18B8-47E5-9EBD-78E651325891}.Debug|Any CPU.ActiveCfg = Debug|Any CPU
		{A478FEAB-18B8-47E5-9EBD-78E651325891}.Debug|Any CPU.Build.0 = Debug|Any CPU
		{A478FEAB-18B8-47E5-9EBD-78E651325891}.Release|Any CPU.ActiveCfg = Release|Any CPU
		{A478FEAB-18B8-47E5-9EBD-78E651325891}.Release|Any CPU.Build.0 = Release|Any CPU
		{18E35851-B7DB-4276-AF16-957EE7246ABE}.Debug|Any CPU.ActiveCfg = Debug|Any CPU
		{18E35851-B7DB-4276-AF16-957EE7246ABE}.Debug|Any CPU.Build.0 = Debug|Any CPU
		{18E35851-B7DB-4276-AF16-957EE7246ABE}.Release|Any CPU.ActiveCfg = Release|Any CPU
		{18E35851-B7DB-4276-AF16-957EE7246ABE}.Release|Any CPU.Build.0 = Release|Any CPU
		{1F27D53E-8B7A-4547-AA48-62D072AC4F8B}.Debug|Any CPU.ActiveCfg = Debug|Any CPU
		{1F27D53E-8B7A-4547-AA48-62D072AC4F8B}.Debug|Any CPU.Build.0 = Debug|Any CPU
		{1F27D53E-8B7A-4547-AA48-62D072AC4F8B}.Release|Any CPU.ActiveCfg = Release|Any CPU
		{1F27D53E-8B7A-4547-AA48-62D072AC4F8B}.Release|Any CPU.Build.0 = Release|Any CPU
		{ED83F0A6-F444-4724-864F-66B15C428C39}.Debug|Any CPU.ActiveCfg = Debug|Any CPU
		{ED83F0A6-F444-4724-864F-66B15C428C39}.Debug|Any CPU.Build.0 = Debug|Any CPU
		{ED83F0A6-F444-4724-864F-66B15C428C39}.Release|Any CPU.ActiveCfg = Release|Any CPU
		{ED83F0A6-F444-4724-864F-66B15C428C39}.Release|Any CPU.Build.0 = Release|Any CPU
		{46CDCB9E-E2F6-43BA-A95D-488639EA6222}.Debug|Any CPU.ActiveCfg = Debug|Any CPU
		{46CDCB9E-E2F6-43BA-A95D-488639EA6222}.Debug|Any CPU.Build.0 = Debug|Any CPU
		{46CDCB9E-E2F6-43BA-A95D-488639EA6222}.Release|Any CPU.ActiveCfg = Release|Any CPU
		{46CDCB9E-E2F6-43BA-A95D-488639EA6222}.Release|Any CPU.Build.0 = Release|Any CPU
		{2E9274A4-F67B-4CA0-BA92-FC94C8024DD7}.Debug|Any CPU.ActiveCfg = Debug|Any CPU
		{2E9274A4-F67B-4CA0-BA92-FC94C8024DD7}.Debug|Any CPU.Build.0 = Debug|Any CPU
		{2E9274A4-F67B-4CA0-BA92-FC94C8024DD7}.Release|Any CPU.ActiveCfg = Release|Any CPU
		{2E9274A4-F67B-4CA0-BA92-FC94C8024DD7}.Release|Any CPU.Build.0 = Release|Any CPU
		{B6CA524B-63E0-479B-BE4E-BEBAC5C7C90F}.Debug|Any CPU.ActiveCfg = Debug|Any CPU
		{B6CA524B-63E0-479B-BE4E-BEBAC5C7C90F}.Debug|Any CPU.Build.0 = Debug|Any CPU
		{B6CA524B-63E0-479B-BE4E-BEBAC5C7C90F}.Release|Any CPU.ActiveCfg = Release|Any CPU
		{B6CA524B-63E0-479B-BE4E-BEBAC5C7C90F}.Release|Any CPU.Build.0 = Release|Any CPU
		{6DA6D4F1-2DAB-467A-90C7-4A1D8190258D}.Debug|Any CPU.ActiveCfg = Debug|Any CPU
		{6DA6D4F1-2DAB-467A-90C7-4A1D8190258D}.Debug|Any CPU.Build.0 = Debug|Any CPU
		{6DA6D4F1-2DAB-467A-90C7-4A1D8190258D}.Release|Any CPU.ActiveCfg = Release|Any CPU
		{6DA6D4F1-2DAB-467A-90C7-4A1D8190258D}.Release|Any CPU.Build.0 = Release|Any CPU
		{E860D8DD-4AD9-48AE-8C0B-7EAF2D1E0683}.Debug|Any CPU.ActiveCfg = Debug|Any CPU
		{E860D8DD-4AD9-48AE-8C0B-7EAF2D1E0683}.Debug|Any CPU.Build.0 = Debug|Any CPU
		{E860D8DD-4AD9-48AE-8C0B-7EAF2D1E0683}.Release|Any CPU.ActiveCfg = Release|Any CPU
		{E860D8DD-4AD9-48AE-8C0B-7EAF2D1E0683}.Release|Any CPU.Build.0 = Release|Any CPU
		{1F38CD54-61FD-423F-BA49-5D519F2D9030}.Debug|Any CPU.ActiveCfg = Debug|Any CPU
		{1F38CD54-61FD-423F-BA49-5D519F2D9030}.Debug|Any CPU.Build.0 = Debug|Any CPU
		{1F38CD54-61FD-423F-BA49-5D519F2D9030}.Release|Any CPU.ActiveCfg = Release|Any CPU
		{1F38CD54-61FD-423F-BA49-5D519F2D9030}.Release|Any CPU.Build.0 = Release|Any CPU
		{F271C1BD-9071-435C-BEEF-B10FB9F37B74}.Debug|Any CPU.ActiveCfg = Debug|Any CPU
		{F271C1BD-9071-435C-BEEF-B10FB9F37B74}.Debug|Any CPU.Build.0 = Debug|Any CPU
		{F271C1BD-9071-435C-BEEF-B10FB9F37B74}.Release|Any CPU.ActiveCfg = Release|Any CPU
		{F271C1BD-9071-435C-BEEF-B10FB9F37B74}.Release|Any CPU.Build.0 = Release|Any CPU
	EndGlobalSection
	GlobalSection(SolutionProperties) = preSolution
		HideSolutionNode = FALSE
	EndGlobalSection
	GlobalSection(ExtensibilityGlobals) = postSolution
		SolutionGuid = {E2881A5E-AD00-47EF-8353-DC825B790BA6}
	EndGlobalSection
EndGlobal
